
Microsoft Visual Studio Solution File, Format Version 12.00
# Visual Studio Version 17
VisualStudioVersion = 17.3.32929.385
MinimumVisualStudioVersion = 10.0.40219.1
Project("{FAE04EC0-301F-11D3-BF4B-00C04F79EFBC}") = "TaiwainStock.Utility", "TaiwainStock.Utility\TaiwainStock.Utility.csproj", "{D0005D84-264F-4A7A-89E5-4F45D880B4DC}"
EndProject
Project("{FAE04EC0-301F-11D3-BF4B-00C04F79EFBC}") = "TestProject1", "TestProject1\TestProject1.csproj", "{70BF1401-D5F1-4AD7-880C-F2290B701CE7}"
EndProject
Global
	GlobalSection(SolutionConfigurationPlatforms) = preSolution
		Debug|Any CPU = Debug|Any CPU
		Release|Any CPU = Release|Any CPU
	EndGlobalSection
	GlobalSection(ProjectConfigurationPlatforms) = postSolution
		{D0005D84-264F-4A7A-89E5-4F45D880B4DC}.Debug|Any CPU.ActiveCfg = Debug|Any CPU
		{D0005D84-264F-4A7A-89E5-4F45D880B4DC}.Debug|Any CPU.Build.0 = Debug|Any CPU
		{D0005D84-264F-4A7A-89E5-4F45D880B4DC}.Release|Any CPU.ActiveCfg = Release|Any CPU
		{D0005D84-264F-4A7A-89E5-4F45D880B4DC}.Release|Any CPU.Build.0 = Release|Any CPU
		{70BF1401-D5F1-4AD7-880C-F2290B701CE7}.Debug|Any CPU.ActiveCfg = Debug|Any CPU
		{70BF1401-D5F1-4AD7-880C-F2290B701CE7}.Debug|Any CPU.Build.0 = Debug|Any CPU
		{70BF1401-D5F1-4AD7-880C-F2290B701CE7}.Release|Any CPU.ActiveCfg = Release|Any CPU
		{70BF1401-D5F1-4AD7-880C-F2290B701CE7}.Release|Any CPU.Build.0 = Release|Any CPU
	EndGlobalSection
	GlobalSection(SolutionProperties) = preSolution
		HideSolutionNode = FALSE
	EndGlobalSection
	GlobalSection(ExtensibilityGlobals) = postSolution
		SolutionGuid = {EEE2D896-7434-4A37-ACF0-7EB1125522A6}
	EndGlobalSection
EndGlobal
